// !$*UTF8*$!
{
	archiveVersion = 1;
	classes = {
	};
	objectVersion = 55;
	objects = {

/* Begin PBXBuildFile section */
		F60E2A25272A8E270048A85E /* ProfileCell.swift in Sources */ = {isa = PBXBuildFile; fileRef = F60E2A23272A8E270048A85E /* ProfileCell.swift */; };
		F60E2A26272A8E270048A85E /* ProfileCell.xib in Resources */ = {isa = PBXBuildFile; fileRef = F60E2A24272A8E270048A85E /* ProfileCell.xib */; };
		F60E2A2A272A95FD0048A85E /* ProfileItem.swift in Sources */ = {isa = PBXBuildFile; fileRef = F60E2A29272A95FC0048A85E /* ProfileItem.swift */; };
		F60E2A2C272A98070048A85E /* ProfileManager.swift in Sources */ = {isa = PBXBuildFile; fileRef = F60E2A2B272A98070048A85E /* ProfileManager.swift */; };
		F60E2A2E272AAA3B0048A85E /* FriendViewController.swift in Sources */ = {isa = PBXBuildFile; fileRef = F60E2A2D272AAA3B0048A85E /* FriendViewController.swift */; };
		F60E2A33272AE60C0048A85E /* AddFriendViewController.swift in Sources */ = {isa = PBXBuildFile; fileRef = F60E2A32272AE60B0048A85E /* AddFriendViewController.swift */; };
		F60E2A35272B9AF30048A85E /* UserManager.swift in Sources */ = {isa = PBXBuildFile; fileRef = F60E2A34272B9AF30048A85E /* UserManager.swift */; };
		F66A1C06271D0B0C000A863A /* AppDelegate.swift in Sources */ = {isa = PBXBuildFile; fileRef = F66A1C05271D0B0C000A863A /* AppDelegate.swift */; };
		F66A1C08271D0B0C000A863A /* SceneDelegate.swift in Sources */ = {isa = PBXBuildFile; fileRef = F66A1C07271D0B0C000A863A /* SceneDelegate.swift */; };
		F66A1C0A271D0B0C000A863A /* SUTabBarViewController.swift in Sources */ = {isa = PBXBuildFile; fileRef = F66A1C09271D0B0C000A863A /* SUTabBarViewController.swift */; };
		F66A1C0D271D0B0C000A863A /* Main.storyboard in Resources */ = {isa = PBXBuildFile; fileRef = F66A1C0B271D0B0C000A863A /* Main.storyboard */; };
		F66A1C0F271D0B10000A863A /* Assets.xcassets in Resources */ = {isa = PBXBuildFile; fileRef = F66A1C0E271D0B10000A863A /* Assets.xcassets */; };
		F66A1C12271D0B10000A863A /* LaunchScreen.storyboard in Resources */ = {isa = PBXBuildFile; fileRef = F66A1C10271D0B10000A863A /* LaunchScreen.storyboard */; };
		F66A1C1A271D1FA7000A863A /* Pods_Subminder.framework in Frameworks */ = {isa = PBXBuildFile; fileRef = 9157265662BB91A160CA9892 /* Pods_Subminder.framework */; };
		F66A1C23271D5402000A863A /* Summary.storyboard in Resources */ = {isa = PBXBuildFile; fileRef = F66A1C22271D5402000A863A /* Summary.storyboard */; };
		F66A1C25271D5467000A863A /* Setting.storyboard in Resources */ = {isa = PBXBuildFile; fileRef = F66A1C24271D5467000A863A /* Setting.storyboard */; };
		F66A1C27271D5478000A863A /* Statistics.storyboard in Resources */ = {isa = PBXBuildFile; fileRef = F66A1C26271D5478000A863A /* Statistics.storyboard */; };
		F66A1C29271D5485000A863A /* Group.storyboard in Resources */ = {isa = PBXBuildFile; fileRef = F66A1C28271D5485000A863A /* Group.storyboard */; };
		F66A1C2C271D5551000A863A /* UIStoryboard+Extension.swift in Sources */ = {isa = PBXBuildFile; fileRef = F66A1C2B271D5551000A863A /* UIStoryboard+Extension.swift */; };
		F66A1C2E271D6652000A863A /* SummaryViewController.swift in Sources */ = {isa = PBXBuildFile; fileRef = F66A1C2D271D6652000A863A /* SummaryViewController.swift */; };
		F66A1C30271D6664000A863A /* StatisticsViewController.swift in Sources */ = {isa = PBXBuildFile; fileRef = F66A1C2F271D6664000A863A /* StatisticsViewController.swift */; };
		F66A1C32271D666F000A863A /* SettingViewController.swift in Sources */ = {isa = PBXBuildFile; fileRef = F66A1C31271D666F000A863A /* SettingViewController.swift */; };
		F66A1C34271D667B000A863A /* GroupViewController.swift in Sources */ = {isa = PBXBuildFile; fileRef = F66A1C33271D667B000A863A /* GroupViewController.swift */; };
		F66A1C36271D6ECA000A863A /* AddToSubViewController.swift in Sources */ = {isa = PBXBuildFile; fileRef = F66A1C35271D6ECA000A863A /* AddToSubViewController.swift */; };
		F66A1C3C271DB9C6000A863A /* SummaryCell.swift in Sources */ = {isa = PBXBuildFile; fileRef = F66A1C3A271DB9C6000A863A /* SummaryCell.swift */; };
		F66A1C3D271DB9C6000A863A /* SummaryCell.xib in Resources */ = {isa = PBXBuildFile; fileRef = F66A1C3B271DB9C6000A863A /* SummaryCell.xib */; };
		F66A1C44271E75FA000A863A /* AddSubTextCell.swift in Sources */ = {isa = PBXBuildFile; fileRef = F66A1C42271E75FA000A863A /* AddSubTextCell.swift */; };
		F66A1C45271E75FA000A863A /* AddSubTextCell.xib in Resources */ = {isa = PBXBuildFile; fileRef = F66A1C43271E75FA000A863A /* AddSubTextCell.xib */; };
		F66A1C4C271E9CC2000A863A /* AddSubCell.swift in Sources */ = {isa = PBXBuildFile; fileRef = F66A1C4A271E9CC2000A863A /* AddSubCell.swift */; };
		F66A1C4D271E9CC2000A863A /* AddSubCell.xib in Resources */ = {isa = PBXBuildFile; fileRef = F66A1C4B271E9CC2000A863A /* AddSubCell.xib */; };
		F66A1C4F271EA171000A863A /* SubSetting.swift in Sources */ = {isa = PBXBuildFile; fileRef = F66A1C4E271EA171000A863A /* SubSetting.swift */; };
		F66A1C51271EB8FC000A863A /* SUBaseViewController.swift in Sources */ = {isa = PBXBuildFile; fileRef = F66A1C50271EB8FC000A863A /* SUBaseViewController.swift */; };
		F66A1C54271EC53F000A863A /* AddSubCycleCell.swift in Sources */ = {isa = PBXBuildFile; fileRef = F66A1C52271EC53F000A863A /* AddSubCycleCell.swift */; };
		F66A1C55271EC53F000A863A /* AddSubCycleCell.xib in Resources */ = {isa = PBXBuildFile; fileRef = F66A1C53271EC53F000A863A /* AddSubCycleCell.xib */; };
		F66A1C58271F0F0F000A863A /* AddSubDateCell.swift in Sources */ = {isa = PBXBuildFile; fileRef = F66A1C56271F0F0F000A863A /* AddSubDateCell.swift */; };
		F66A1C59271F0F0F000A863A /* AddSubDateCell.xib in Resources */ = {isa = PBXBuildFile; fileRef = F66A1C57271F0F0F000A863A /* AddSubDateCell.xib */; };
		F66A1C5C271F18D0000A863A /* AddSubCurrencyCell.swift in Sources */ = {isa = PBXBuildFile; fileRef = F66A1C5A271F18D0000A863A /* AddSubCurrencyCell.swift */; };
		F66A1C5D271F18D0000A863A /* AddSubCurrencyCell.xib in Resources */ = {isa = PBXBuildFile; fileRef = F66A1C5B271F18D0000A863A /* AddSubCurrencyCell.xib */; };
		F66A1C5F271FAA3D000A863A /* CategoryViewController.swift in Sources */ = {isa = PBXBuildFile; fileRef = F66A1C5E271FAA3C000A863A /* CategoryViewController.swift */; };
		F66A1C61271FF7AB000A863A /* Subscription.swift in Sources */ = {isa = PBXBuildFile; fileRef = F66A1C60271FF7AB000A863A /* Subscription.swift */; };
		F66A1C63271FF9FC000A863A /* User.swift in Sources */ = {isa = PBXBuildFile; fileRef = F66A1C62271FF9FC000A863A /* User.swift */; };
		F66A1C65272004DE000A863A /* GoogleService-Info.plist in Resources */ = {isa = PBXBuildFile; fileRef = F66A1C64272004DE000A863A /* GoogleService-Info.plist */; };
		F66A1C6727200D71000A863A /* SubsManager.swift in Sources */ = {isa = PBXBuildFile; fileRef = F66A1C6627200D71000A863A /* SubsManager.swift */; };
		F66A1C692721AA54000A863A /* UIColor+Extension.swift in Sources */ = {isa = PBXBuildFile; fileRef = F66A1C682721AA54000A863A /* UIColor+Extension.swift */; };
		F688856C2723D73E00637295 /* AddSubCategoryCell.swift in Sources */ = {isa = PBXBuildFile; fileRef = F688856A2723D73E00637295 /* AddSubCategoryCell.swift */; };
		F688856D2723D73E00637295 /* AddSubCategoryCell.xib in Resources */ = {isa = PBXBuildFile; fileRef = F688856B2723D73E00637295 /* AddSubCategoryCell.xib */; };
		F6888570272461AA00637295 /* NotificationManager.swift in Sources */ = {isa = PBXBuildFile; fileRef = F688856F272461AA00637295 /* NotificationManager.swift */; };
		F6888573272475BC00637295 /* AddSubReminderCell.swift in Sources */ = {isa = PBXBuildFile; fileRef = F6888571272475BC00637295 /* AddSubReminderCell.swift */; };
		F6888574272475BC00637295 /* AddSubReminderCell.xib in Resources */ = {isa = PBXBuildFile; fileRef = F6888572272475BC00637295 /* AddSubReminderCell.xib */; };
		F68885792728551500637295 /* CurrencyManager.swift in Sources */ = {isa = PBXBuildFile; fileRef = F68885782728551500637295 /* CurrencyManager.swift */; };
		F688857B2728F5EF00637295 /* String+Extension.swift in Sources */ = {isa = PBXBuildFile; fileRef = F688857A2728F5EF00637295 /* String+Extension.swift */; };
		F688857D2729222B00637295 /* Decimal+Extension.swift in Sources */ = {isa = PBXBuildFile; fileRef = F688857C2729222B00637295 /* Decimal+Extension.swift */; };
		F68885812729261800637295 /* Double+Extension.swift in Sources */ = {isa = PBXBuildFile; fileRef = F68885802729261800637295 /* Double+Extension.swift */; };
		F688858427292F4D00637295 /* AddSubPriceCell.swift in Sources */ = {isa = PBXBuildFile; fileRef = F688858227292F4D00637295 /* AddSubPriceCell.swift */; };
		F688858527292F4D00637295 /* AddSubPriceCell.xib in Resources */ = {isa = PBXBuildFile; fileRef = F688858327292F4D00637295 /* AddSubPriceCell.xib */; };
/* End PBXBuildFile section */

/* Begin PBXFileReference section */
		9157265662BB91A160CA9892 /* Pods_Subminder.framework */ = {isa = PBXFileReference; explicitFileType = wrapper.framework; includeInIndex = 0; path = Pods_Subminder.framework; sourceTree = BUILT_PRODUCTS_DIR; };
		941C0287B03F46ADD04314C0 /* Pods-Subminder.release.xcconfig */ = {isa = PBXFileReference; includeInIndex = 1; lastKnownFileType = text.xcconfig; name = "Pods-Subminder.release.xcconfig"; path = "Target Support Files/Pods-Subminder/Pods-Subminder.release.xcconfig"; sourceTree = "<group>"; };
		C12ED895C7921079AEEC8C2C /* Pods-Subminder.debug.xcconfig */ = {isa = PBXFileReference; includeInIndex = 1; lastKnownFileType = text.xcconfig; name = "Pods-Subminder.debug.xcconfig"; path = "Target Support Files/Pods-Subminder/Pods-Subminder.debug.xcconfig"; sourceTree = "<group>"; };
		F60E2A23272A8E270048A85E /* ProfileCell.swift */ = {isa = PBXFileReference; lastKnownFileType = sourcecode.swift; path = ProfileCell.swift; sourceTree = "<group>"; };
		F60E2A24272A8E270048A85E /* ProfileCell.xib */ = {isa = PBXFileReference; lastKnownFileType = file.xib; path = ProfileCell.xib; sourceTree = "<group>"; };
		F60E2A29272A95FC0048A85E /* ProfileItem.swift */ = {isa = PBXFileReference; lastKnownFileType = sourcecode.swift; path = ProfileItem.swift; sourceTree = "<group>"; };
		F60E2A2B272A98070048A85E /* ProfileManager.swift */ = {isa = PBXFileReference; lastKnownFileType = sourcecode.swift; path = ProfileManager.swift; sourceTree = "<group>"; };
		F60E2A2D272AAA3B0048A85E /* FriendViewController.swift */ = {isa = PBXFileReference; lastKnownFileType = sourcecode.swift; path = FriendViewController.swift; sourceTree = "<group>"; };
		F60E2A32272AE60B0048A85E /* AddFriendViewController.swift */ = {isa = PBXFileReference; lastKnownFileType = sourcecode.swift; path = AddFriendViewController.swift; sourceTree = "<group>"; };
		F60E2A34272B9AF30048A85E /* UserManager.swift */ = {isa = PBXFileReference; lastKnownFileType = sourcecode.swift; path = UserManager.swift; sourceTree = "<group>"; };
		F66A1C02271D0B0C000A863A /* Subminder.app */ = {isa = PBXFileReference; explicitFileType = wrapper.application; includeInIndex = 0; path = Subminder.app; sourceTree = BUILT_PRODUCTS_DIR; };
		F66A1C05271D0B0C000A863A /* AppDelegate.swift */ = {isa = PBXFileReference; lastKnownFileType = sourcecode.swift; path = AppDelegate.swift; sourceTree = "<group>"; };
		F66A1C07271D0B0C000A863A /* SceneDelegate.swift */ = {isa = PBXFileReference; lastKnownFileType = sourcecode.swift; path = SceneDelegate.swift; sourceTree = "<group>"; };
		F66A1C09271D0B0C000A863A /* SUTabBarViewController.swift */ = {isa = PBXFileReference; lastKnownFileType = sourcecode.swift; path = SUTabBarViewController.swift; sourceTree = "<group>"; };
		F66A1C0C271D0B0C000A863A /* Base */ = {isa = PBXFileReference; lastKnownFileType = file.storyboard; name = Base; path = Base.lproj/Main.storyboard; sourceTree = "<group>"; };
		F66A1C0E271D0B10000A863A /* Assets.xcassets */ = {isa = PBXFileReference; lastKnownFileType = folder.assetcatalog; path = Assets.xcassets; sourceTree = "<group>"; };
		F66A1C11271D0B10000A863A /* Base */ = {isa = PBXFileReference; lastKnownFileType = file.storyboard; name = Base; path = Base.lproj/LaunchScreen.storyboard; sourceTree = "<group>"; };
		F66A1C13271D0B10000A863A /* Info.plist */ = {isa = PBXFileReference; lastKnownFileType = text.plist.xml; path = Info.plist; sourceTree = "<group>"; };
		F66A1C22271D5402000A863A /* Summary.storyboard */ = {isa = PBXFileReference; lastKnownFileType = file.storyboard; path = Summary.storyboard; sourceTree = "<group>"; };
		F66A1C24271D5467000A863A /* Setting.storyboard */ = {isa = PBXFileReference; lastKnownFileType = file.storyboard; path = Setting.storyboard; sourceTree = "<group>"; };
		F66A1C26271D5478000A863A /* Statistics.storyboard */ = {isa = PBXFileReference; lastKnownFileType = file.storyboard; path = Statistics.storyboard; sourceTree = "<group>"; };
		F66A1C28271D5485000A863A /* Group.storyboard */ = {isa = PBXFileReference; lastKnownFileType = file.storyboard; path = Group.storyboard; sourceTree = "<group>"; };
		F66A1C2B271D5551000A863A /* UIStoryboard+Extension.swift */ = {isa = PBXFileReference; lastKnownFileType = sourcecode.swift; path = "UIStoryboard+Extension.swift"; sourceTree = "<group>"; };
		F66A1C2D271D6652000A863A /* SummaryViewController.swift */ = {isa = PBXFileReference; lastKnownFileType = sourcecode.swift; path = SummaryViewController.swift; sourceTree = "<group>"; };
		F66A1C2F271D6664000A863A /* StatisticsViewController.swift */ = {isa = PBXFileReference; lastKnownFileType = sourcecode.swift; path = StatisticsViewController.swift; sourceTree = "<group>"; };
		F66A1C31271D666F000A863A /* SettingViewController.swift */ = {isa = PBXFileReference; lastKnownFileType = sourcecode.swift; path = SettingViewController.swift; sourceTree = "<group>"; };
		F66A1C33271D667B000A863A /* GroupViewController.swift */ = {isa = PBXFileReference; lastKnownFileType = sourcecode.swift; path = GroupViewController.swift; sourceTree = "<group>"; };
		F66A1C35271D6ECA000A863A /* AddToSubViewController.swift */ = {isa = PBXFileReference; lastKnownFileType = sourcecode.swift; path = AddToSubViewController.swift; sourceTree = "<group>"; };
		F66A1C3A271DB9C6000A863A /* SummaryCell.swift */ = {isa = PBXFileReference; lastKnownFileType = sourcecode.swift; path = SummaryCell.swift; sourceTree = "<group>"; };
		F66A1C3B271DB9C6000A863A /* SummaryCell.xib */ = {isa = PBXFileReference; lastKnownFileType = file.xib; path = SummaryCell.xib; sourceTree = "<group>"; };
		F66A1C42271E75FA000A863A /* AddSubTextCell.swift */ = {isa = PBXFileReference; lastKnownFileType = sourcecode.swift; path = AddSubTextCell.swift; sourceTree = "<group>"; };
		F66A1C43271E75FA000A863A /* AddSubTextCell.xib */ = {isa = PBXFileReference; lastKnownFileType = file.xib; path = AddSubTextCell.xib; sourceTree = "<group>"; };
		F66A1C4A271E9CC2000A863A /* AddSubCell.swift */ = {isa = PBXFileReference; lastKnownFileType = sourcecode.swift; path = AddSubCell.swift; sourceTree = "<group>"; };
		F66A1C4B271E9CC2000A863A /* AddSubCell.xib */ = {isa = PBXFileReference; lastKnownFileType = file.xib; path = AddSubCell.xib; sourceTree = "<group>"; };
		F66A1C4E271EA171000A863A /* SubSetting.swift */ = {isa = PBXFileReference; lastKnownFileType = sourcecode.swift; path = SubSetting.swift; sourceTree = "<group>"; };
		F66A1C50271EB8FC000A863A /* SUBaseViewController.swift */ = {isa = PBXFileReference; lastKnownFileType = sourcecode.swift; path = SUBaseViewController.swift; sourceTree = "<group>"; };
		F66A1C52271EC53F000A863A /* AddSubCycleCell.swift */ = {isa = PBXFileReference; lastKnownFileType = sourcecode.swift; path = AddSubCycleCell.swift; sourceTree = "<group>"; };
		F66A1C53271EC53F000A863A /* AddSubCycleCell.xib */ = {isa = PBXFileReference; lastKnownFileType = file.xib; path = AddSubCycleCell.xib; sourceTree = "<group>"; };
		F66A1C56271F0F0F000A863A /* AddSubDateCell.swift */ = {isa = PBXFileReference; lastKnownFileType = sourcecode.swift; path = AddSubDateCell.swift; sourceTree = "<group>"; };
		F66A1C57271F0F0F000A863A /* AddSubDateCell.xib */ = {isa = PBXFileReference; lastKnownFileType = file.xib; path = AddSubDateCell.xib; sourceTree = "<group>"; };
		F66A1C5A271F18D0000A863A /* AddSubCurrencyCell.swift */ = {isa = PBXFileReference; lastKnownFileType = sourcecode.swift; path = AddSubCurrencyCell.swift; sourceTree = "<group>"; };
		F66A1C5B271F18D0000A863A /* AddSubCurrencyCell.xib */ = {isa = PBXFileReference; lastKnownFileType = file.xib; path = AddSubCurrencyCell.xib; sourceTree = "<group>"; };
		F66A1C5E271FAA3C000A863A /* CategoryViewController.swift */ = {isa = PBXFileReference; lastKnownFileType = sourcecode.swift; path = CategoryViewController.swift; sourceTree = "<group>"; };
		F66A1C60271FF7AB000A863A /* Subscription.swift */ = {isa = PBXFileReference; lastKnownFileType = sourcecode.swift; path = Subscription.swift; sourceTree = "<group>"; };
		F66A1C62271FF9FC000A863A /* User.swift */ = {isa = PBXFileReference; lastKnownFileType = sourcecode.swift; path = User.swift; sourceTree = "<group>"; };
		F66A1C64272004DE000A863A /* GoogleService-Info.plist */ = {isa = PBXFileReference; lastKnownFileType = text.plist; path = "GoogleService-Info.plist"; sourceTree = SOURCE_ROOT; };
		F66A1C6627200D71000A863A /* SubsManager.swift */ = {isa = PBXFileReference; lastKnownFileType = sourcecode.swift; path = SubsManager.swift; sourceTree = "<group>"; };
		F66A1C682721AA54000A863A /* UIColor+Extension.swift */ = {isa = PBXFileReference; lastKnownFileType = sourcecode.swift; path = "UIColor+Extension.swift"; sourceTree = "<group>"; };
		F688856A2723D73E00637295 /* AddSubCategoryCell.swift */ = {isa = PBXFileReference; lastKnownFileType = sourcecode.swift; path = AddSubCategoryCell.swift; sourceTree = "<group>"; };
		F688856B2723D73E00637295 /* AddSubCategoryCell.xib */ = {isa = PBXFileReference; lastKnownFileType = file.xib; path = AddSubCategoryCell.xib; sourceTree = "<group>"; };
		F688856E2724462200637295 /* Subminder.entitlements */ = {isa = PBXFileReference; lastKnownFileType = text.plist.entitlements; path = Subminder.entitlements; sourceTree = "<group>"; };
		F688856F272461AA00637295 /* NotificationManager.swift */ = {isa = PBXFileReference; lastKnownFileType = sourcecode.swift; path = NotificationManager.swift; sourceTree = "<group>"; };
		F6888571272475BC00637295 /* AddSubReminderCell.swift */ = {isa = PBXFileReference; lastKnownFileType = sourcecode.swift; path = AddSubReminderCell.swift; sourceTree = "<group>"; };
		F6888572272475BC00637295 /* AddSubReminderCell.xib */ = {isa = PBXFileReference; lastKnownFileType = file.xib; path = AddSubReminderCell.xib; sourceTree = "<group>"; };
		F68885782728551500637295 /* CurrencyManager.swift */ = {isa = PBXFileReference; lastKnownFileType = sourcecode.swift; path = CurrencyManager.swift; sourceTree = "<group>"; };
		F688857A2728F5EF00637295 /* String+Extension.swift */ = {isa = PBXFileReference; lastKnownFileType = sourcecode.swift; path = "String+Extension.swift"; sourceTree = "<group>"; };
		F688857C2729222B00637295 /* Decimal+Extension.swift */ = {isa = PBXFileReference; lastKnownFileType = sourcecode.swift; path = "Decimal+Extension.swift"; sourceTree = "<group>"; };
		F68885802729261800637295 /* Double+Extension.swift */ = {isa = PBXFileReference; lastKnownFileType = sourcecode.swift; path = "Double+Extension.swift"; sourceTree = "<group>"; };
		F688858227292F4D00637295 /* AddSubPriceCell.swift */ = {isa = PBXFileReference; lastKnownFileType = sourcecode.swift; path = AddSubPriceCell.swift; sourceTree = "<group>"; };
		F688858327292F4D00637295 /* AddSubPriceCell.xib */ = {isa = PBXFileReference; lastKnownFileType = file.xib; path = AddSubPriceCell.xib; sourceTree = "<group>"; };
/* End PBXFileReference section */

/* Begin PBXFrameworksBuildPhase section */
		F66A1BFF271D0B0C000A863A /* Frameworks */ = {
			isa = PBXFrameworksBuildPhase;
			buildActionMask = 2147483647;
			files = (
				F66A1C1A271D1FA7000A863A /* Pods_Subminder.framework in Frameworks */,
			);
			runOnlyForDeploymentPostprocessing = 0;
		};
/* End PBXFrameworksBuildPhase section */

/* Begin PBXGroup section */
		76F49C4F3CB184B4CDFFD418 /* Frameworks */ = {
			isa = PBXGroup;
			children = (
				9157265662BB91A160CA9892 /* Pods_Subminder.framework */,
			);
			name = Frameworks;
			sourceTree = "<group>";
		};
		F60E2A27272A8E300048A85E /* Group */ = {
			isa = PBXGroup;
			children = (
				F60E2A23272A8E270048A85E /* ProfileCell.swift */,
				F60E2A24272A8E270048A85E /* ProfileCell.xib */,
			);
			path = Group;
			sourceTree = "<group>";
		};
		F60E2A28272A95CC0048A85E /* Group */ = {
			isa = PBXGroup;
			children = (
				F60E2A29272A95FC0048A85E /* ProfileItem.swift */,
				F60E2A2B272A98070048A85E /* ProfileManager.swift */,
			);
			path = Group;
			sourceTree = "<group>";
		};
		F60E2A31272AAA5C0048A85E /* Group */ = {
			isa = PBXGroup;
			children = (
				F66A1C33271D667B000A863A /* GroupViewController.swift */,
				F60E2A2D272AAA3B0048A85E /* FriendViewController.swift */,
				F60E2A32272AE60B0048A85E /* AddFriendViewController.swift */,
			);
			path = Group;
			sourceTree = "<group>";
		};
		F66A1BF9271D0B0C000A863A = {
			isa = PBXGroup;
			children = (
				F66A1C04271D0B0C000A863A /* Subminder */,
				F66A1C03271D0B0C000A863A /* Products */,
				FD87C124CA64FF049EC8C084 /* Pods */,
				76F49C4F3CB184B4CDFFD418 /* Frameworks */,
			);
			sourceTree = "<group>";
		};
		F66A1C03271D0B0C000A863A /* Products */ = {
			isa = PBXGroup;
			children = (
				F66A1C02271D0B0C000A863A /* Subminder.app */,
			);
			name = Products;
			sourceTree = "<group>";
		};
		F66A1C04271D0B0C000A863A /* Subminder */ = {
			isa = PBXGroup;
			children = (
				F688856E2724462200637295 /* Subminder.entitlements */,
				F66A1C05271D0B0C000A863A /* AppDelegate.swift */,
				F66A1C07271D0B0C000A863A /* SceneDelegate.swift */,
				F66A1C2A271D5518000A863A /* Extension */,
				F66A1C3F271E6E68000A863A /* Model */,
				F66A1C1F271D4FD6000A863A /* Controller */,
				F66A1C20271D4FFB000A863A /* View */,
				F66A1C0E271D0B10000A863A /* Assets.xcassets */,
				F66A1C13271D0B10000A863A /* Info.plist */,
				F66A1C64272004DE000A863A /* GoogleService-Info.plist */,
			);
			path = Subminder;
			sourceTree = "<group>";
		};
		F66A1C1F271D4FD6000A863A /* Controller */ = {
			isa = PBXGroup;
			children = (
				F66A1C21271D504A000A863A /* Base */,
				F66A1C3E271E6058000A863A /* Summary */,
				F66A1C2F271D6664000A863A /* StatisticsViewController.swift */,
				F66A1C31271D666F000A863A /* SettingViewController.swift */,
				F60E2A31272AAA5C0048A85E /* Group */,
			);
			path = Controller;
			sourceTree = "<group>";
		};
		F66A1C20271D4FFB000A863A /* View */ = {
			isa = PBXGroup;
			children = (
				F66A1C37271DB39B000A863A /* Summary */,
				F60E2A27272A8E300048A85E /* Group */,
				F66A1C0B271D0B0C000A863A /* Main.storyboard */,
				F66A1C22271D5402000A863A /* Summary.storyboard */,
				F66A1C24271D5467000A863A /* Setting.storyboard */,
				F66A1C26271D5478000A863A /* Statistics.storyboard */,
				F66A1C28271D5485000A863A /* Group.storyboard */,
				F66A1C10271D0B10000A863A /* LaunchScreen.storyboard */,
			);
			path = View;
			sourceTree = "<group>";
		};
		F66A1C21271D504A000A863A /* Base */ = {
			isa = PBXGroup;
			children = (
				F66A1C09271D0B0C000A863A /* SUTabBarViewController.swift */,
				F66A1C50271EB8FC000A863A /* SUBaseViewController.swift */,
			);
			path = Base;
			sourceTree = "<group>";
		};
		F66A1C2A271D5518000A863A /* Extension */ = {
			isa = PBXGroup;
			children = (
				F66A1C2B271D5551000A863A /* UIStoryboard+Extension.swift */,
				F66A1C682721AA54000A863A /* UIColor+Extension.swift */,
				F688857A2728F5EF00637295 /* String+Extension.swift */,
				F688857C2729222B00637295 /* Decimal+Extension.swift */,
				F68885802729261800637295 /* Double+Extension.swift */,
			);
			path = Extension;
			sourceTree = "<group>";
		};
		F66A1C37271DB39B000A863A /* Summary */ = {
			isa = PBXGroup;
			children = (
				F66A1C3A271DB9C6000A863A /* SummaryCell.swift */,
				F66A1C3B271DB9C6000A863A /* SummaryCell.xib */,
				F68885692723030000637295 /* AddToSub */,
			);
			path = Summary;
			sourceTree = "<group>";
		};
		F66A1C3E271E6058000A863A /* Summary */ = {
			isa = PBXGroup;
			children = (
				F66A1C2D271D6652000A863A /* SummaryViewController.swift */,
				F66A1C35271D6ECA000A863A /* AddToSubViewController.swift */,
				F66A1C5E271FAA3C000A863A /* CategoryViewController.swift */,
			);
			path = Summary;
			sourceTree = "<group>";
		};
		F66A1C3F271E6E68000A863A /* Model */ = {
			isa = PBXGroup;
			children = (
				F66A1C4E271EA171000A863A /* SubSetting.swift */,
				F66A1C60271FF7AB000A863A /* Subscription.swift */,
				F66A1C6627200D71000A863A /* SubsManager.swift */,
				F66A1C62271FF9FC000A863A /* User.swift */,
				F60E2A34272B9AF30048A85E /* UserManager.swift */,
				F688856F272461AA00637295 /* NotificationManager.swift */,
				F68885782728551500637295 /* CurrencyManager.swift */,
				F60E2A28272A95CC0048A85E /* Group */,
			);
			path = Model;
			sourceTree = "<group>";
		};
		F68885692723030000637295 /* AddToSub */ = {
			isa = PBXGroup;
			children = (
				F66A1C42271E75FA000A863A /* AddSubTextCell.swift */,
				F66A1C43271E75FA000A863A /* AddSubTextCell.xib */,
				F66A1C52271EC53F000A863A /* AddSubCycleCell.swift */,
				F66A1C53271EC53F000A863A /* AddSubCycleCell.xib */,
				F6888571272475BC00637295 /* AddSubReminderCell.swift */,
				F6888572272475BC00637295 /* AddSubReminderCell.xib */,
				F66A1C4A271E9CC2000A863A /* AddSubCell.swift */,
				F66A1C4B271E9CC2000A863A /* AddSubCell.xib */,
				F688856A2723D73E00637295 /* AddSubCategoryCell.swift */,
				F688856B2723D73E00637295 /* AddSubCategoryCell.xib */,
				F66A1C56271F0F0F000A863A /* AddSubDateCell.swift */,
				F66A1C57271F0F0F000A863A /* AddSubDateCell.xib */,
				F66A1C5A271F18D0000A863A /* AddSubCurrencyCell.swift */,
				F66A1C5B271F18D0000A863A /* AddSubCurrencyCell.xib */,
				F688858227292F4D00637295 /* AddSubPriceCell.swift */,
				F688858327292F4D00637295 /* AddSubPriceCell.xib */,
			);
			path = AddToSub;
			sourceTree = "<group>";
		};
		FD87C124CA64FF049EC8C084 /* Pods */ = {
			isa = PBXGroup;
			children = (
				C12ED895C7921079AEEC8C2C /* Pods-Subminder.debug.xcconfig */,
				941C0287B03F46ADD04314C0 /* Pods-Subminder.release.xcconfig */,
			);
			path = Pods;
			sourceTree = "<group>";
		};
/* End PBXGroup section */

/* Begin PBXNativeTarget section */
		F66A1C01271D0B0C000A863A /* Subminder */ = {
			isa = PBXNativeTarget;
			buildConfigurationList = F66A1C16271D0B10000A863A /* Build configuration list for PBXNativeTarget "Subminder" */;
			buildPhases = (
				D617A60541AF2365A4D02240 /* [CP] Check Pods Manifest.lock */,
				F66A1BFE271D0B0C000A863A /* Sources */,
				F66A1BFF271D0B0C000A863A /* Frameworks */,
				F66A1C00271D0B0C000A863A /* Resources */,
				F66A1C19271D0E63000A863A /* Run SwiftLint */,
				B44C399E34E5667140D75C03 /* [CP] Embed Pods Frameworks */,
			);
			buildRules = (
			);
			dependencies = (
			);
			name = Subminder;
			productName = Subminder;
			productReference = F66A1C02271D0B0C000A863A /* Subminder.app */;
			productType = "com.apple.product-type.application";
		};
/* End PBXNativeTarget section */

/* Begin PBXProject section */
		F66A1BFA271D0B0C000A863A /* Project object */ = {
			isa = PBXProject;
			attributes = {
				BuildIndependentTargetsInParallel = 1;
				LastSwiftUpdateCheck = 1300;
				LastUpgradeCheck = 1300;
				TargetAttributes = {
					F66A1C01271D0B0C000A863A = {
						CreatedOnToolsVersion = 13.0;
					};
				};
			};
			buildConfigurationList = F66A1BFD271D0B0C000A863A /* Build configuration list for PBXProject "Subminder" */;
			compatibilityVersion = "Xcode 13.0";
			developmentRegion = en;
			hasScannedForEncodings = 0;
			knownRegions = (
				en,
				Base,
			);
			mainGroup = F66A1BF9271D0B0C000A863A;
			productRefGroup = F66A1C03271D0B0C000A863A /* Products */;
			projectDirPath = "";
			projectRoot = "";
			targets = (
				F66A1C01271D0B0C000A863A /* Subminder */,
			);
		};
/* End PBXProject section */

/* Begin PBXResourcesBuildPhase section */
		F66A1C00271D0B0C000A863A /* Resources */ = {
			isa = PBXResourcesBuildPhase;
			buildActionMask = 2147483647;
			files = (
				F6888574272475BC00637295 /* AddSubReminderCell.xib in Resources */,
				F66A1C12271D0B10000A863A /* LaunchScreen.storyboard in Resources */,
				F66A1C0F271D0B10000A863A /* Assets.xcassets in Resources */,
				F688856D2723D73E00637295 /* AddSubCategoryCell.xib in Resources */,
				F66A1C45271E75FA000A863A /* AddSubTextCell.xib in Resources */,
				F66A1C29271D5485000A863A /* Group.storyboard in Resources */,
				F66A1C4D271E9CC2000A863A /* AddSubCell.xib in Resources */,
				F66A1C25271D5467000A863A /* Setting.storyboard in Resources */,
				F66A1C55271EC53F000A863A /* AddSubCycleCell.xib in Resources */,
				F66A1C27271D5478000A863A /* Statistics.storyboard in Resources */,
				F688858527292F4D00637295 /* AddSubPriceCell.xib in Resources */,
				F66A1C5D271F18D0000A863A /* AddSubCurrencyCell.xib in Resources */,
				F66A1C59271F0F0F000A863A /* AddSubDateCell.xib in Resources */,
				F66A1C0D271D0B0C000A863A /* Main.storyboard in Resources */,
				F66A1C3D271DB9C6000A863A /* SummaryCell.xib in Resources */,
				F60E2A26272A8E270048A85E /* ProfileCell.xib in Resources */,
				F66A1C23271D5402000A863A /* Summary.storyboard in Resources */,
				F66A1C65272004DE000A863A /* GoogleService-Info.plist in Resources */,
			);
			runOnlyForDeploymentPostprocessing = 0;
		};
/* End PBXResourcesBuildPhase section */

/* Begin PBXShellScriptBuildPhase section */
		B44C399E34E5667140D75C03 /* [CP] Embed Pods Frameworks */ = {
			isa = PBXShellScriptBuildPhase;
			buildActionMask = 2147483647;
			files = (
			);
			inputFileListPaths = (
				"${PODS_ROOT}/Target Support Files/Pods-Subminder/Pods-Subminder-frameworks-${CONFIGURATION}-input-files.xcfilelist",
			);
			name = "[CP] Embed Pods Frameworks";
			outputFileListPaths = (
				"${PODS_ROOT}/Target Support Files/Pods-Subminder/Pods-Subminder-frameworks-${CONFIGURATION}-output-files.xcfilelist",
			);
			runOnlyForDeploymentPostprocessing = 0;
			shellPath = /bin/sh;
			shellScript = "\"${PODS_ROOT}/Target Support Files/Pods-Subminder/Pods-Subminder-frameworks.sh\"\n";
			showEnvVarsInLog = 0;
		};
		D617A60541AF2365A4D02240 /* [CP] Check Pods Manifest.lock */ = {
			isa = PBXShellScriptBuildPhase;
			buildActionMask = 2147483647;
			files = (
			);
			inputFileListPaths = (
			);
			inputPaths = (
				"${PODS_PODFILE_DIR_PATH}/Podfile.lock",
				"${PODS_ROOT}/Manifest.lock",
			);
			name = "[CP] Check Pods Manifest.lock";
			outputFileListPaths = (
			);
			outputPaths = (
				"$(DERIVED_FILE_DIR)/Pods-Subminder-checkManifestLockResult.txt",
			);
			runOnlyForDeploymentPostprocessing = 0;
			shellPath = /bin/sh;
			shellScript = "diff \"${PODS_PODFILE_DIR_PATH}/Podfile.lock\" \"${PODS_ROOT}/Manifest.lock\" > /dev/null\nif [ $? != 0 ] ; then\n    # print error to STDERR\n    echo \"error: The sandbox is not in sync with the Podfile.lock. Run 'pod install' or update your CocoaPods installation.\" >&2\n    exit 1\nfi\n# This output is used by Xcode 'outputs' to avoid re-running this script phase.\necho \"SUCCESS\" > \"${SCRIPT_OUTPUT_FILE_0}\"\n";
			showEnvVarsInLog = 0;
		};
		F66A1C19271D0E63000A863A /* Run SwiftLint */ = {
			isa = PBXShellScriptBuildPhase;
			buildActionMask = 2147483647;
			files = (
			);
			inputFileListPaths = (
			);
			inputPaths = (
			);
			name = "Run SwiftLint";
			outputFileListPaths = (
			);
			outputPaths = (
			);
			runOnlyForDeploymentPostprocessing = 0;
			shellPath = /bin/sh;
			shellScript = "\"${PODS_ROOT}/SwiftLint/swiftlint\"\n";
		};
/* End PBXShellScriptBuildPhase section */

/* Begin PBXSourcesBuildPhase section */
		F66A1BFE271D0B0C000A863A /* Sources */ = {
			isa = PBXSourcesBuildPhase;
			buildActionMask = 2147483647;
			files = (
				F66A1C58271F0F0F000A863A /* AddSubDateCell.swift in Sources */,
				F66A1C6727200D71000A863A /* SubsManager.swift in Sources */,
				F66A1C34271D667B000A863A /* GroupViewController.swift in Sources */,
				F66A1C692721AA54000A863A /* UIColor+Extension.swift in Sources */,
				F6888573272475BC00637295 /* AddSubReminderCell.swift in Sources */,
				F66A1C0A271D0B0C000A863A /* SUTabBarViewController.swift in Sources */,
				F60E2A2E272AAA3B0048A85E /* FriendViewController.swift in Sources */,
				F66A1C06271D0B0C000A863A /* AppDelegate.swift in Sources */,
				F60E2A25272A8E270048A85E /* ProfileCell.swift in Sources */,
				F6888570272461AA00637295 /* NotificationManager.swift in Sources */,
				F66A1C61271FF7AB000A863A /* Subscription.swift in Sources */,
				F688857D2729222B00637295 /* Decimal+Extension.swift in Sources */,
				F688856C2723D73E00637295 /* AddSubCategoryCell.swift in Sources */,
				F60E2A2A272A95FD0048A85E /* ProfileItem.swift in Sources */,
				F66A1C2C271D5551000A863A /* UIStoryboard+Extension.swift in Sources */,
				F66A1C44271E75FA000A863A /* AddSubTextCell.swift in Sources */,
				F66A1C3C271DB9C6000A863A /* SummaryCell.swift in Sources */,
				F66A1C63271FF9FC000A863A /* User.swift in Sources */,
				F60E2A35272B9AF30048A85E /* UserManager.swift in Sources */,
				F66A1C36271D6ECA000A863A /* AddToSubViewController.swift in Sources */,
				F66A1C30271D6664000A863A /* StatisticsViewController.swift in Sources */,
				F66A1C08271D0B0C000A863A /* SceneDelegate.swift in Sources */,
				F66A1C51271EB8FC000A863A /* SUBaseViewController.swift in Sources */,
				F60E2A33272AE60C0048A85E /* AddFriendViewController.swift in Sources */,
				F66A1C5C271F18D0000A863A /* AddSubCurrencyCell.swift in Sources */,
				F688857B2728F5EF00637295 /* String+Extension.swift in Sources */,
				F66A1C32271D666F000A863A /* SettingViewController.swift in Sources */,
				F66A1C4F271EA171000A863A /* SubSetting.swift in Sources */,
				F60E2A2C272A98070048A85E /* ProfileManager.swift in Sources */,
				F66A1C4C271E9CC2000A863A /* AddSubCell.swift in Sources */,
				F68885812729261800637295 /* Double+Extension.swift in Sources */,
				F68885792728551500637295 /* CurrencyManager.swift in Sources */,
				F66A1C54271EC53F000A863A /* AddSubCycleCell.swift in Sources */,
				F66A1C5F271FAA3D000A863A /* CategoryViewController.swift in Sources */,
				F688858427292F4D00637295 /* AddSubPriceCell.swift in Sources */,
				F66A1C2E271D6652000A863A /* SummaryViewController.swift in Sources */,
			);
			runOnlyForDeploymentPostprocessing = 0;
		};
/* End PBXSourcesBuildPhase section */

/* Begin PBXVariantGroup section */
		F66A1C0B271D0B0C000A863A /* Main.storyboard */ = {
			isa = PBXVariantGroup;
			children = (
				F66A1C0C271D0B0C000A863A /* Base */,
			);
			name = Main.storyboard;
			sourceTree = "<group>";
		};
		F66A1C10271D0B10000A863A /* LaunchScreen.storyboard */ = {
			isa = PBXVariantGroup;
			children = (
				F66A1C11271D0B10000A863A /* Base */,
			);
			name = LaunchScreen.storyboard;
			sourceTree = "<group>";
		};
/* End PBXVariantGroup section */

/* Begin XCBuildConfiguration section */
		F66A1C14271D0B10000A863A /* Debug */ = {
			isa = XCBuildConfiguration;
			buildSettings = {
				ALWAYS_SEARCH_USER_PATHS = NO;
				CLANG_ANALYZER_NONNULL = YES;
				CLANG_ANALYZER_NUMBER_OBJECT_CONVERSION = YES_AGGRESSIVE;
				CLANG_CXX_LANGUAGE_STANDARD = "gnu++17";
				CLANG_CXX_LIBRARY = "libc++";
				CLANG_ENABLE_MODULES = YES;
				CLANG_ENABLE_OBJC_ARC = YES;
				CLANG_ENABLE_OBJC_WEAK = YES;
				CLANG_WARN_BLOCK_CAPTURE_AUTORELEASING = YES;
				CLANG_WARN_BOOL_CONVERSION = YES;
				CLANG_WARN_COMMA = YES;
				CLANG_WARN_CONSTANT_CONVERSION = YES;
				CLANG_WARN_DEPRECATED_OBJC_IMPLEMENTATIONS = YES;
				CLANG_WARN_DIRECT_OBJC_ISA_USAGE = YES_ERROR;
				CLANG_WARN_DOCUMENTATION_COMMENTS = YES;
				CLANG_WARN_EMPTY_BODY = YES;
				CLANG_WARN_ENUM_CONVERSION = YES;
				CLANG_WARN_INFINITE_RECURSION = YES;
				CLANG_WARN_INT_CONVERSION = YES;
				CLANG_WARN_NON_LITERAL_NULL_CONVERSION = YES;
				CLANG_WARN_OBJC_IMPLICIT_RETAIN_SELF = YES;
				CLANG_WARN_OBJC_LITERAL_CONVERSION = YES;
				CLANG_WARN_OBJC_ROOT_CLASS = YES_ERROR;
				CLANG_WARN_QUOTED_INCLUDE_IN_FRAMEWORK_HEADER = YES;
				CLANG_WARN_RANGE_LOOP_ANALYSIS = YES;
				CLANG_WARN_STRICT_PROTOTYPES = YES;
				CLANG_WARN_SUSPICIOUS_MOVE = YES;
				CLANG_WARN_UNGUARDED_AVAILABILITY = YES_AGGRESSIVE;
				CLANG_WARN_UNREACHABLE_CODE = YES;
				CLANG_WARN__DUPLICATE_METHOD_MATCH = YES;
				COPY_PHASE_STRIP = NO;
				DEBUG_INFORMATION_FORMAT = dwarf;
				ENABLE_STRICT_OBJC_MSGSEND = YES;
				ENABLE_TESTABILITY = YES;
				GCC_C_LANGUAGE_STANDARD = gnu11;
				GCC_DYNAMIC_NO_PIC = NO;
				GCC_NO_COMMON_BLOCKS = YES;
				GCC_OPTIMIZATION_LEVEL = 0;
				GCC_PREPROCESSOR_DEFINITIONS = (
					"DEBUG=1",
					"$(inherited)",
				);
				GCC_WARN_64_TO_32_BIT_CONVERSION = YES;
				GCC_WARN_ABOUT_RETURN_TYPE = YES_ERROR;
				GCC_WARN_UNDECLARED_SELECTOR = YES;
				GCC_WARN_UNINITIALIZED_AUTOS = YES_AGGRESSIVE;
				GCC_WARN_UNUSED_FUNCTION = YES;
				GCC_WARN_UNUSED_VARIABLE = YES;
				IPHONEOS_DEPLOYMENT_TARGET = 14.0;
				MTL_ENABLE_DEBUG_INFO = INCLUDE_SOURCE;
				MTL_FAST_MATH = YES;
				ONLY_ACTIVE_ARCH = YES;
				SDKROOT = iphoneos;
				SWIFT_ACTIVE_COMPILATION_CONDITIONS = DEBUG;
				SWIFT_OPTIMIZATION_LEVEL = "-Onone";
			};
			name = Debug;
		};
		F66A1C15271D0B10000A863A /* Release */ = {
			isa = XCBuildConfiguration;
			buildSettings = {
				ALWAYS_SEARCH_USER_PATHS = NO;
				CLANG_ANALYZER_NONNULL = YES;
				CLANG_ANALYZER_NUMBER_OBJECT_CONVERSION = YES_AGGRESSIVE;
				CLANG_CXX_LANGUAGE_STANDARD = "gnu++17";
				CLANG_CXX_LIBRARY = "libc++";
				CLANG_ENABLE_MODULES = YES;
				CLANG_ENABLE_OBJC_ARC = YES;
				CLANG_ENABLE_OBJC_WEAK = YES;
				CLANG_WARN_BLOCK_CAPTURE_AUTORELEASING = YES;
				CLANG_WARN_BOOL_CONVERSION = YES;
				CLANG_WARN_COMMA = YES;
				CLANG_WARN_CONSTANT_CONVERSION = YES;
				CLANG_WARN_DEPRECATED_OBJC_IMPLEMENTATIONS = YES;
				CLANG_WARN_DIRECT_OBJC_ISA_USAGE = YES_ERROR;
				CLANG_WARN_DOCUMENTATION_COMMENTS = YES;
				CLANG_WARN_EMPTY_BODY = YES;
				CLANG_WARN_ENUM_CONVERSION = YES;
				CLANG_WARN_INFINITE_RECURSION = YES;
				CLANG_WARN_INT_CONVERSION = YES;
				CLANG_WARN_NON_LITERAL_NULL_CONVERSION = YES;
				CLANG_WARN_OBJC_IMPLICIT_RETAIN_SELF = YES;
				CLANG_WARN_OBJC_LITERAL_CONVERSION = YES;
				CLANG_WARN_OBJC_ROOT_CLASS = YES_ERROR;
				CLANG_WARN_QUOTED_INCLUDE_IN_FRAMEWORK_HEADER = YES;
				CLANG_WARN_RANGE_LOOP_ANALYSIS = YES;
				CLANG_WARN_STRICT_PROTOTYPES = YES;
				CLANG_WARN_SUSPICIOUS_MOVE = YES;
				CLANG_WARN_UNGUARDED_AVAILABILITY = YES_AGGRESSIVE;
				CLANG_WARN_UNREACHABLE_CODE = YES;
				CLANG_WARN__DUPLICATE_METHOD_MATCH = YES;
				COPY_PHASE_STRIP = NO;
				DEBUG_INFORMATION_FORMAT = "dwarf-with-dsym";
				ENABLE_NS_ASSERTIONS = NO;
				ENABLE_STRICT_OBJC_MSGSEND = YES;
				GCC_C_LANGUAGE_STANDARD = gnu11;
				GCC_NO_COMMON_BLOCKS = YES;
				GCC_WARN_64_TO_32_BIT_CONVERSION = YES;
				GCC_WARN_ABOUT_RETURN_TYPE = YES_ERROR;
				GCC_WARN_UNDECLARED_SELECTOR = YES;
				GCC_WARN_UNINITIALIZED_AUTOS = YES_AGGRESSIVE;
				GCC_WARN_UNUSED_FUNCTION = YES;
				GCC_WARN_UNUSED_VARIABLE = YES;
				IPHONEOS_DEPLOYMENT_TARGET = 14.0;
				MTL_ENABLE_DEBUG_INFO = NO;
				MTL_FAST_MATH = YES;
				SDKROOT = iphoneos;
				SWIFT_COMPILATION_MODE = wholemodule;
				SWIFT_OPTIMIZATION_LEVEL = "-O";
				VALIDATE_PRODUCT = YES;
			};
			name = Release;
		};
		F66A1C17271D0B10000A863A /* Debug */ = {
			isa = XCBuildConfiguration;
			baseConfigurationReference = C12ED895C7921079AEEC8C2C /* Pods-Subminder.debug.xcconfig */;
			buildSettings = {
				ASSETCATALOG_COMPILER_APPICON_NAME = AppIcon;
				ASSETCATALOG_COMPILER_GLOBAL_ACCENT_COLOR_NAME = AccentColor;
				ASSETCATALOG_COMPILER_INCLUDE_ALL_APPICON_ASSETS = NO;
				CODE_SIGN_ENTITLEMENTS = Subminder/Subminder.entitlements;
				CODE_SIGN_STYLE = Automatic;
				CURRENT_PROJECT_VERSION = 1;
				DEVELOPMENT_TEAM = 2FTGGYY3M4;
				GENERATE_INFOPLIST_FILE = YES;
				INFOPLIST_FILE = Subminder/Info.plist;
				INFOPLIST_KEY_UIApplicationSupportsIndirectInputEvents = YES;
				INFOPLIST_KEY_UILaunchStoryboardName = LaunchScreen;
				INFOPLIST_KEY_UIMainStoryboardFile = Main;
				INFOPLIST_KEY_UISupportedInterfaceOrientations = UIInterfaceOrientationPortrait;
				INFOPLIST_KEY_UISupportedInterfaceOrientations_iPad = "UIInterfaceOrientationPortrait UIInterfaceOrientationPortraitUpsideDown UIInterfaceOrientationLandscapeLeft UIInterfaceOrientationLandscapeRight";
				INFOPLIST_KEY_UISupportedInterfaceOrientations_iPhone = "UIInterfaceOrientationPortrait UIInterfaceOrientationLandscapeLeft UIInterfaceOrientationLandscapeRight";
				INFOPLIST_KEY_UIUserInterfaceStyle = Light;
				IPHONEOS_DEPLOYMENT_TARGET = 14.0;
				LD_RUNPATH_SEARCH_PATHS = (
					"$(inherited)",
					"@executable_path/Frameworks",
				);
				MARKETING_VERSION = 1.0;
				PRODUCT_BUNDLE_IDENTIFIER = com.pcc.Subminder;
				PRODUCT_NAME = "$(TARGET_NAME)";
				SWIFT_EMIT_LOC_STRINGS = YES;
				SWIFT_VERSION = 5.0;
				TARGETED_DEVICE_FAMILY = 1;
			};
			name = Debug;
		};
		F66A1C18271D0B10000A863A /* Release */ = {
			isa = XCBuildConfiguration;
			baseConfigurationReference = 941C0287B03F46ADD04314C0 /* Pods-Subminder.release.xcconfig */;
			buildSettings = {
				ASSETCATALOG_COMPILER_APPICON_NAME = AppIcon;
				ASSETCATALOG_COMPILER_GLOBAL_ACCENT_COLOR_NAME = AccentColor;
				ASSETCATALOG_COMPILER_INCLUDE_ALL_APPICON_ASSETS = NO;
				CODE_SIGN_ENTITLEMENTS = Subminder/Subminder.entitlements;
				CODE_SIGN_STYLE = Automatic;
				CURRENT_PROJECT_VERSION = 1;
				DEVELOPMENT_TEAM = 2FTGGYY3M4;
				GENERATE_INFOPLIST_FILE = YES;
				INFOPLIST_FILE = Subminder/Info.plist;
				INFOPLIST_KEY_UIApplicationSupportsIndirectInputEvents = YES;
				INFOPLIST_KEY_UILaunchStoryboardName = LaunchScreen;
				INFOPLIST_KEY_UIMainStoryboardFile = Main;
				INFOPLIST_KEY_UISupportedInterfaceOrientations = UIInterfaceOrientationPortrait;
				INFOPLIST_KEY_UISupportedInterfaceOrientations_iPad = "UIInterfaceOrientationPortrait UIInterfaceOrientationPortraitUpsideDown UIInterfaceOrientationLandscapeLeft UIInterfaceOrientationLandscapeRight";
				INFOPLIST_KEY_UISupportedInterfaceOrientations_iPhone = "UIInterfaceOrientationPortrait UIInterfaceOrientationLandscapeLeft UIInterfaceOrientationLandscapeRight";
				INFOPLIST_KEY_UIUserInterfaceStyle = Light;
				IPHONEOS_DEPLOYMENT_TARGET = 14.0;
				LD_RUNPATH_SEARCH_PATHS = (
					"$(inherited)",
					"@executable_path/Frameworks",
				);
				MARKETING_VERSION = 1.0;
				PRODUCT_BUNDLE_IDENTIFIER = com.pcc.Subminder;
				PRODUCT_NAME = "$(TARGET_NAME)";
				SWIFT_EMIT_LOC_STRINGS = YES;
				SWIFT_VERSION = 5.0;
				TARGETED_DEVICE_FAMILY = 1;
			};
			name = Release;
		};
/* End XCBuildConfiguration section */

/* Begin XCConfigurationList section */
		F66A1BFD271D0B0C000A863A /* Build configuration list for PBXProject "Subminder" */ = {
			isa = XCConfigurationList;
			buildConfigurations = (
				F66A1C14271D0B10000A863A /* Debug */,
				F66A1C15271D0B10000A863A /* Release */,
			);
			defaultConfigurationIsVisible = 0;
			defaultConfigurationName = Release;
		};
		F66A1C16271D0B10000A863A /* Build configuration list for PBXNativeTarget "Subminder" */ = {
			isa = XCConfigurationList;
			buildConfigurations = (
				F66A1C17271D0B10000A863A /* Debug */,
				F66A1C18271D0B10000A863A /* Release */,
			);
			defaultConfigurationIsVisible = 0;
			defaultConfigurationName = Release;
		};
/* End XCConfigurationList section */
	};
	rootObject = F66A1BFA271D0B0C000A863A /* Project object */;
}
